
Microsoft Visual Studio Solution File, Format Version 12.00
# Visual Studio Version 17
VisualStudioVersion = 17.1.32414.318
MinimumVisualStudioVersion = 10.0.40219.1
Project("{FAE04EC0-301F-11D3-BF4B-00C04F79EFBC}") = "ArraysCalcs", "ArraysCalcs\ArraysCalcs.csproj", "{3AB8EEC9-059F-4C2C-91DC-B02877E7CADC}"
EndProject
Global
	GlobalSection(SolutionConfigurationPlatforms) = preSolution
		Debug|Any CPU = Debug|Any CPU
		Release|Any CPU = Release|Any CPU
	EndGlobalSection
	GlobalSection(ProjectConfigurationPlatforms) = postSolution
		{3AB8EEC9-059F-4C2C-91DC-B02877E7CADC}.Debug|Any CPU.ActiveCfg = Debug|Any CPU
		{3AB8EEC9-059F-4C2C-91DC-B02877E7CADC}.Debug|Any CPU.Build.0 = Debug|Any CPU
		{3AB8EEC9-059F-4C2C-91DC-B02877E7CADC}.Release|Any CPU.ActiveCfg = Release|Any CPU
		{3AB8EEC9-059F-4C2C-91DC-B02877E7CADC}.Release|Any CPU.Build.0 = Release|Any CPU
	EndGlobalSection
	GlobalSection(SolutionProperties) = preSolution
		HideSolutionNode = FALSE
	EndGlobalSection
	GlobalSection(ExtensibilityGlobals) = postSolution
		SolutionGuid = {5DA1F863-435C-405E-829C-C5671E17920B}
	EndGlobalSection
EndGlobal
